
Microsoft Visual Studio Solution File, Format Version 12.00
# Visual Studio 14
VisualStudioVersion = 14.0.25420.1
MinimumVisualStudioVersion = 10.0.40219.1
Project("{2150E333-8FDC-42A3-9474-1A3956D46DE8}") = "RoastPlanningContext", "RoastPlanningContext", "{34B37611-ED73-49D7-B254-F98556D5BEB5}"
EndProject
Project("{FAE04EC0-301F-11D3-BF4B-00C04F79EFBC}") = "RoastPlanning", "RoastPlanning\RoastPlanning.csproj", "{907EB8AA-9306-4BE6-81CD-08216347FA20}"
EndProject
Project("{2150E333-8FDC-42A3-9474-1A3956D46DE8}") = "Common", "Common", "{C5DC54CF-FA9D-4EE7-8C12-99E1BE98A122}"
EndProject
Project("{FAE04EC0-301F-11D3-BF4B-00C04F79EFBC}") = "Common", "Common\Common.csproj", "{3F9E80F7-9744-4B2E-8248-D80E2ED7E54F}"
EndProject
Project("{FAE04EC0-301F-11D3-BF4B-00C04F79EFBC}") = "RoastPlanning.Tests", "RoastPlanning.Tests\RoastPlanning.Tests.csproj", "{E6E81603-66F5-441C-BB1A-7316F025C6BF}"
EndProject
Global
	GlobalSection(SolutionConfigurationPlatforms) = preSolution
		Debug|Any CPU = Debug|Any CPU
		Release|Any CPU = Release|Any CPU
	EndGlobalSection
	GlobalSection(ProjectConfigurationPlatforms) = postSolution
		{907EB8AA-9306-4BE6-81CD-08216347FA20}.Debug|Any CPU.ActiveCfg = Debug|Any CPU
		{907EB8AA-9306-4BE6-81CD-08216347FA20}.Debug|Any CPU.Build.0 = Debug|Any CPU
		{907EB8AA-9306-4BE6-81CD-08216347FA20}.Release|Any CPU.ActiveCfg = Release|Any CPU
		{907EB8AA-9306-4BE6-81CD-08216347FA20}.Release|Any CPU.Build.0 = Release|Any CPU
		{3F9E80F7-9744-4B2E-8248-D80E2ED7E54F}.Debug|Any CPU.ActiveCfg = Debug|Any CPU
		{3F9E80F7-9744-4B2E-8248-D80E2ED7E54F}.Debug|Any CPU.Build.0 = Debug|Any CPU
		{3F9E80F7-9744-4B2E-8248-D80E2ED7E54F}.Release|Any CPU.ActiveCfg = Release|Any CPU
		{3F9E80F7-9744-4B2E-8248-D80E2ED7E54F}.Release|Any CPU.Build.0 = Release|Any CPU
		{E6E81603-66F5-441C-BB1A-7316F025C6BF}.Debug|Any CPU.ActiveCfg = Debug|Any CPU
		{E6E81603-66F5-441C-BB1A-7316F025C6BF}.Debug|Any CPU.Build.0 = Debug|Any CPU
		{E6E81603-66F5-441C-BB1A-7316F025C6BF}.Release|Any CPU.ActiveCfg = Release|Any CPU
		{E6E81603-66F5-441C-BB1A-7316F025C6BF}.Release|Any CPU.Build.0 = Release|Any CPU
	EndGlobalSection
	GlobalSection(SolutionProperties) = preSolution
		HideSolutionNode = FALSE
	EndGlobalSection
	GlobalSection(NestedProjects) = preSolution
		{907EB8AA-9306-4BE6-81CD-08216347FA20} = {34B37611-ED73-49D7-B254-F98556D5BEB5}
		{3F9E80F7-9744-4B2E-8248-D80E2ED7E54F} = {C5DC54CF-FA9D-4EE7-8C12-99E1BE98A122}
		{E6E81603-66F5-441C-BB1A-7316F025C6BF} = {34B37611-ED73-49D7-B254-F98556D5BEB5}
	EndGlobalSection
EndGlobal
